
Microsoft Visual Studio Solution File, Format Version 12.00
# Visual Studio Version 16
VisualStudioVersion = 16.0.29215.179
MinimumVisualStudioVersion = 10.0.40219.1
Project("{FAE04EC0-301F-11D3-BF4B-00C04F79EFBC}") = "RussianCheckers", "RussianCheckers\RussianCheckers.csproj", "{15B9C66D-15E0-4231-8431-8EC7B50AD74D}"
EndProject
Project("{FAE04EC0-301F-11D3-BF4B-00C04F79EFBC}") = "RussianCheckersTests", "RussianCheckersTests\RussianCheckersTests.csproj", "{D0C5FDB6-3FD8-493E-98F0-5BF78433B0F9}"
EndProject
Project("{FAE04EC0-301F-11D3-BF4B-00C04F79EFBC}") = "RussianCheckers.Core", "RussianCheckers.Core\RussianCheckers.Core.csproj", "{473FF9A6-DC16-4959-85DB-BB2B879210E3}"
EndProject
Global
	GlobalSection(SolutionConfigurationPlatforms) = preSolution
		Debug|Any CPU = Debug|Any CPU
		Release|Any CPU = Release|Any CPU
	EndGlobalSection
	GlobalSection(ProjectConfigurationPlatforms) = postSolution
		{15B9C66D-15E0-4231-8431-8EC7B50AD74D}.Debug|Any CPU.ActiveCfg = Debug|Any CPU
		{15B9C66D-15E0-4231-8431-8EC7B50AD74D}.Debug|Any CPU.Build.0 = Debug|Any CPU
		{15B9C66D-15E0-4231-8431-8EC7B50AD74D}.Release|Any CPU.ActiveCfg = Release|Any CPU
		{15B9C66D-15E0-4231-8431-8EC7B50AD74D}.Release|Any CPU.Build.0 = Release|Any CPU
		{D0C5FDB6-3FD8-493E-98F0-5BF78433B0F9}.Debug|Any CPU.ActiveCfg = Debug|Any CPU
		{D0C5FDB6-3FD8-493E-98F0-5BF78433B0F9}.Debug|Any CPU.Build.0 = Debug|Any CPU
		{D0C5FDB6-3FD8-493E-98F0-5BF78433B0F9}.Release|Any CPU.ActiveCfg = Release|Any CPU
		{D0C5FDB6-3FD8-493E-98F0-5BF78433B0F9}.Release|Any CPU.Build.0 = Release|Any CPU
		{473FF9A6-DC16-4959-85DB-BB2B879210E3}.Debug|Any CPU.ActiveCfg = Debug|Any CPU
		{473FF9A6-DC16-4959-85DB-BB2B879210E3}.Debug|Any CPU.Build.0 = Debug|Any CPU
		{473FF9A6-DC16-4959-85DB-BB2B879210E3}.Release|Any CPU.ActiveCfg = Release|Any CPU
		{473FF9A6-DC16-4959-85DB-BB2B879210E3}.Release|Any CPU.Build.0 = Release|Any CPU
	EndGlobalSection
	GlobalSection(SolutionProperties) = preSolution
		HideSolutionNode = FALSE
	EndGlobalSection
	GlobalSection(ExtensibilityGlobals) = postSolution
		SolutionGuid = {7277023D-45CF-46B5-A336-0B3175D09016}
	EndGlobalSection
EndGlobal
